
Microsoft Visual Studio Solution File, Format Version 12.00
# Visual Studio Version 16
VisualStudioVersion = 16.0.31424.327
MinimumVisualStudioVersion = 10.0.40219.1
Project("{FAE04EC0-301F-11D3-BF4B-00C04F79EFBC}") = "08. Condense Array to Number", "08. Condense Array to Number\08. Condense Array to Number.csproj", "{995C6210-7794-447C-9723-68D1E15D0513}"
EndProject
Global
	GlobalSection(SolutionConfigurationPlatforms) = preSolution
		Debug|Any CPU = Debug|Any CPU
		Release|Any CPU = Release|Any CPU
	EndGlobalSection
	GlobalSection(ProjectConfigurationPlatforms) = postSolution
		{995C6210-7794-447C-9723-68D1E15D0513}.Debug|Any CPU.ActiveCfg = Debug|Any CPU
		{995C6210-7794-447C-9723-68D1E15D0513}.Debug|Any CPU.Build.0 = Debug|Any CPU
		{995C6210-7794-447C-9723-68D1E15D0513}.Release|Any CPU.ActiveCfg = Release|Any CPU
		{995C6210-7794-447C-9723-68D1E15D0513}.Release|Any CPU.Build.0 = Release|Any CPU
	EndGlobalSection
	GlobalSection(SolutionProperties) = preSolution
		HideSolutionNode = FALSE
	EndGlobalSection
	GlobalSection(ExtensibilityGlobals) = postSolution
		SolutionGuid = {6D18D9B2-BE54-4517-A460-9A61F17DF459}
	EndGlobalSection
EndGlobal
