
Microsoft Visual Studio Solution File, Format Version 12.00
# Visual Studio Version 16
VisualStudioVersion = 16.0.31424.327
MinimumVisualStudioVersion = 10.0.40219.1
Project("{9A19103F-16F7-4668-BE54-9A1E7A4F7556}") = "Repeating Numbers", "Repeating Numbers\Repeating Numbers.csproj", "{FAF2C780-53E9-456D-8CD4-D77AF781AC1F}"
EndProject
Project("{FAE04EC0-301F-11D3-BF4B-00C04F79EFBC}") = "Energy", "Energy\Energy.csproj", "{494F3D7C-CF5E-4CFE-B436-8991E85BF417}"
EndProject
Project("{FAE04EC0-301F-11D3-BF4B-00C04F79EFBC}") = "Alone Numbers", "Alone Numbers\Alone Numbers.csproj", "{182B9962-F7B1-4A0A-B46E-BF28E739BA96}"
EndProject
Global
	GlobalSection(SolutionConfigurationPlatforms) = preSolution
		Debug|Any CPU = Debug|Any CPU
		Release|Any CPU = Release|Any CPU
	EndGlobalSection
	GlobalSection(ProjectConfigurationPlatforms) = postSolution
		{FAF2C780-53E9-456D-8CD4-D77AF781AC1F}.Debug|Any CPU.ActiveCfg = Debug|Any CPU
		{FAF2C780-53E9-456D-8CD4-D77AF781AC1F}.Debug|Any CPU.Build.0 = Debug|Any CPU
		{FAF2C780-53E9-456D-8CD4-D77AF781AC1F}.Release|Any CPU.ActiveCfg = Release|Any CPU
		{FAF2C780-53E9-456D-8CD4-D77AF781AC1F}.Release|Any CPU.Build.0 = Release|Any CPU
		{494F3D7C-CF5E-4CFE-B436-8991E85BF417}.Debug|Any CPU.ActiveCfg = Debug|Any CPU
		{494F3D7C-CF5E-4CFE-B436-8991E85BF417}.Debug|Any CPU.Build.0 = Debug|Any CPU
		{494F3D7C-CF5E-4CFE-B436-8991E85BF417}.Release|Any CPU.ActiveCfg = Release|Any CPU
		{494F3D7C-CF5E-4CFE-B436-8991E85BF417}.Release|Any CPU.Build.0 = Release|Any CPU
		{182B9962-F7B1-4A0A-B46E-BF28E739BA96}.Debug|Any CPU.ActiveCfg = Debug|Any CPU
		{182B9962-F7B1-4A0A-B46E-BF28E739BA96}.Debug|Any CPU.Build.0 = Debug|Any CPU
		{182B9962-F7B1-4A0A-B46E-BF28E739BA96}.Release|Any CPU.ActiveCfg = Release|Any CPU
		{182B9962-F7B1-4A0A-B46E-BF28E739BA96}.Release|Any CPU.Build.0 = Release|Any CPU
	EndGlobalSection
	GlobalSection(SolutionProperties) = preSolution
		HideSolutionNode = FALSE
	EndGlobalSection
	GlobalSection(ExtensibilityGlobals) = postSolution
		SolutionGuid = {88FD82FB-1BA4-4FDD-9D7F-BA970B8EA44D}
	EndGlobalSection
EndGlobal
