
Microsoft Visual Studio Solution File, Format Version 12.00
# Visual Studio Version 16
VisualStudioVersion = 16.0.31424.327
MinimumVisualStudioVersion = 10.0.40219.1
Project("{FAE04EC0-301F-11D3-BF4B-00C04F79EFBC}") = "sort3nums", "sort3nums\sort3nums.csproj", "{FCF3556E-8B76-48DA-A787-7833DD2D4200}"
EndProject
Global
	GlobalSection(SolutionConfigurationPlatforms) = preSolution
		Debug|Any CPU = Debug|Any CPU
		Release|Any CPU = Release|Any CPU
	EndGlobalSection
	GlobalSection(ProjectConfigurationPlatforms) = postSolution
		{FCF3556E-8B76-48DA-A787-7833DD2D4200}.Debug|Any CPU.ActiveCfg = Debug|Any CPU
		{FCF3556E-8B76-48DA-A787-7833DD2D4200}.Debug|Any CPU.Build.0 = Debug|Any CPU
		{FCF3556E-8B76-48DA-A787-7833DD2D4200}.Release|Any CPU.ActiveCfg = Release|Any CPU
		{FCF3556E-8B76-48DA-A787-7833DD2D4200}.Release|Any CPU.Build.0 = Release|Any CPU
	EndGlobalSection
	GlobalSection(SolutionProperties) = preSolution
		HideSolutionNode = FALSE
	EndGlobalSection
	GlobalSection(ExtensibilityGlobals) = postSolution
		SolutionGuid = {FA14D58F-BA2B-4B74-9AD4-2D455C5D2B5D}
	EndGlobalSection
EndGlobal
