
Microsoft Visual Studio Solution File, Format Version 12.00
# Visual Studio Version 16
VisualStudioVersion = 16.0.31424.327
MinimumVisualStudioVersion = 10.0.40219.1
Project("{FAE04EC0-301F-11D3-BF4B-00C04F79EFBC}") = "01. Advertisement Message", "01. Advertisement Message\01. Advertisement Message.csproj", "{988BEB41-5ADE-4485-915B-C3F17A8A7DDD}"
EndProject
Project("{FAE04EC0-301F-11D3-BF4B-00C04F79EFBC}") = "02. Articles", "02. Articles\02. Articles.csproj", "{85029D6B-013E-4530-882A-34772C202CC6}"
EndProject
Project("{FAE04EC0-301F-11D3-BF4B-00C04F79EFBC}") = "03. Articles 2.0", "03. Articles 2.0\03. Articles 2.0.csproj", "{82CEC024-BCF8-4F0C-9062-84521CEF2491}"
EndProject
Project("{FAE04EC0-301F-11D3-BF4B-00C04F79EFBC}") = "04. Students", "04. Students\04. Students.csproj", "{8E899E54-04F2-4B60-B65E-8C3A3A8785EE}"
EndProject
Project("{FAE04EC0-301F-11D3-BF4B-00C04F79EFBC}") = "05. Teamwork Projects", "05. Teamwork Projects\05. Teamwork Projects.csproj", "{74E1EA38-0EC9-4285-A40F-38A78F9D2C89}"
EndProject
Project("{FAE04EC0-301F-11D3-BF4B-00C04F79EFBC}") = "06. Vehicle Catalogue", "06. Vehicle Catalogue\06. Vehicle Catalogue.csproj", "{F5DE6098-43DB-4963-823A-AC88A19CE98F}"
EndProject
Project("{FAE04EC0-301F-11D3-BF4B-00C04F79EFBC}") = "07. Order by Age", "07. Order by Age\07. Order by Age.csproj", "{161645D3-EDDB-415B-8E35-1434B975C511}"
EndProject
Global
	GlobalSection(SolutionConfigurationPlatforms) = preSolution
		Debug|Any CPU = Debug|Any CPU
		Release|Any CPU = Release|Any CPU
	EndGlobalSection
	GlobalSection(ProjectConfigurationPlatforms) = postSolution
		{988BEB41-5ADE-4485-915B-C3F17A8A7DDD}.Debug|Any CPU.ActiveCfg = Debug|Any CPU
		{988BEB41-5ADE-4485-915B-C3F17A8A7DDD}.Debug|Any CPU.Build.0 = Debug|Any CPU
		{988BEB41-5ADE-4485-915B-C3F17A8A7DDD}.Release|Any CPU.ActiveCfg = Release|Any CPU
		{988BEB41-5ADE-4485-915B-C3F17A8A7DDD}.Release|Any CPU.Build.0 = Release|Any CPU
		{85029D6B-013E-4530-882A-34772C202CC6}.Debug|Any CPU.ActiveCfg = Debug|Any CPU
		{85029D6B-013E-4530-882A-34772C202CC6}.Debug|Any CPU.Build.0 = Debug|Any CPU
		{85029D6B-013E-4530-882A-34772C202CC6}.Release|Any CPU.ActiveCfg = Release|Any CPU
		{85029D6B-013E-4530-882A-34772C202CC6}.Release|Any CPU.Build.0 = Release|Any CPU
		{82CEC024-BCF8-4F0C-9062-84521CEF2491}.Debug|Any CPU.ActiveCfg = Debug|Any CPU
		{82CEC024-BCF8-4F0C-9062-84521CEF2491}.Debug|Any CPU.Build.0 = Debug|Any CPU
		{82CEC024-BCF8-4F0C-9062-84521CEF2491}.Release|Any CPU.ActiveCfg = Release|Any CPU
		{82CEC024-BCF8-4F0C-9062-84521CEF2491}.Release|Any CPU.Build.0 = Release|Any CPU
		{8E899E54-04F2-4B60-B65E-8C3A3A8785EE}.Debug|Any CPU.ActiveCfg = Debug|Any CPU
		{8E899E54-04F2-4B60-B65E-8C3A3A8785EE}.Debug|Any CPU.Build.0 = Debug|Any CPU
		{8E899E54-04F2-4B60-B65E-8C3A3A8785EE}.Release|Any CPU.ActiveCfg = Release|Any CPU
		{8E899E54-04F2-4B60-B65E-8C3A3A8785EE}.Release|Any CPU.Build.0 = Release|Any CPU
		{74E1EA38-0EC9-4285-A40F-38A78F9D2C89}.Debug|Any CPU.ActiveCfg = Debug|Any CPU
		{74E1EA38-0EC9-4285-A40F-38A78F9D2C89}.Debug|Any CPU.Build.0 = Debug|Any CPU
		{74E1EA38-0EC9-4285-A40F-38A78F9D2C89}.Release|Any CPU.ActiveCfg = Release|Any CPU
		{74E1EA38-0EC9-4285-A40F-38A78F9D2C89}.Release|Any CPU.Build.0 = Release|Any CPU
		{F5DE6098-43DB-4963-823A-AC88A19CE98F}.Debug|Any CPU.ActiveCfg = Debug|Any CPU
		{F5DE6098-43DB-4963-823A-AC88A19CE98F}.Debug|Any CPU.Build.0 = Debug|Any CPU
		{F5DE6098-43DB-4963-823A-AC88A19CE98F}.Release|Any CPU.ActiveCfg = Release|Any CPU
		{F5DE6098-43DB-4963-823A-AC88A19CE98F}.Release|Any CPU.Build.0 = Release|Any CPU
		{161645D3-EDDB-415B-8E35-1434B975C511}.Debug|Any CPU.ActiveCfg = Debug|Any CPU
		{161645D3-EDDB-415B-8E35-1434B975C511}.Debug|Any CPU.Build.0 = Debug|Any CPU
		{161645D3-EDDB-415B-8E35-1434B975C511}.Release|Any CPU.ActiveCfg = Release|Any CPU
		{161645D3-EDDB-415B-8E35-1434B975C511}.Release|Any CPU.Build.0 = Release|Any CPU
	EndGlobalSection
	GlobalSection(SolutionProperties) = preSolution
		HideSolutionNode = FALSE
	EndGlobalSection
	GlobalSection(ExtensibilityGlobals) = postSolution
		SolutionGuid = {56F7C827-7DBC-4BEA-BC65-32C2FD2D7BB5}
	EndGlobalSection
EndGlobal
