
Microsoft Visual Studio Solution File, Format Version 12.00
# Visual Studio Version 16
VisualStudioVersion = 16.0.31424.327
MinimumVisualStudioVersion = 10.0.40219.1
Project("{FAE04EC0-301F-11D3-BF4B-00C04F79EFBC}") = "Nums1To10ForLoop", "Nums1To10ForLoop\Nums1To10ForLoop.csproj", "{00CD3C02-418C-4F32-85C4-09B3B8411783}"
EndProject
Global
	GlobalSection(SolutionConfigurationPlatforms) = preSolution
		Debug|Any CPU = Debug|Any CPU
		Release|Any CPU = Release|Any CPU
	EndGlobalSection
	GlobalSection(ProjectConfigurationPlatforms) = postSolution
		{00CD3C02-418C-4F32-85C4-09B3B8411783}.Debug|Any CPU.ActiveCfg = Debug|Any CPU
		{00CD3C02-418C-4F32-85C4-09B3B8411783}.Debug|Any CPU.Build.0 = Debug|Any CPU
		{00CD3C02-418C-4F32-85C4-09B3B8411783}.Release|Any CPU.ActiveCfg = Release|Any CPU
		{00CD3C02-418C-4F32-85C4-09B3B8411783}.Release|Any CPU.Build.0 = Release|Any CPU
	EndGlobalSection
	GlobalSection(SolutionProperties) = preSolution
		HideSolutionNode = FALSE
	EndGlobalSection
	GlobalSection(ExtensibilityGlobals) = postSolution
		SolutionGuid = {416255A2-C1F7-41B4-88BC-BD692EF97948}
	EndGlobalSection
EndGlobal
